
Microsoft Visual Studio Solution File, Format Version 12.00
# Visual Studio Version 16
VisualStudioVersion = 16.0.29201.188
MinimumVisualStudioVersion = 10.0.40219.1
Project("{FAE04EC0-301F-11D3-BF4B-00C04F79EFBC}") = "ChallengeCalculator", "ChallengeCalculator\ChallengeCalculator.csproj", "{56635A2A-880C-4FC9-97EB-F251955E7E26}"
EndProject
Project("{FAE04EC0-301F-11D3-BF4B-00C04F79EFBC}") = "ChallengeCalculator.Tests", "ChallengeCalculator.Tests\ChallengeCalculator.Tests.csproj", "{5BF46DEE-1D6D-4A76-9393-3EB1F9483415}"
EndProject
Global
	GlobalSection(SolutionConfigurationPlatforms) = preSolution
		Debug|Any CPU = Debug|Any CPU
		Release|Any CPU = Release|Any CPU
	EndGlobalSection
	GlobalSection(ProjectConfigurationPlatforms) = postSolution
		{56635A2A-880C-4FC9-97EB-F251955E7E26}.Debug|Any CPU.ActiveCfg = Debug|Any CPU
		{56635A2A-880C-4FC9-97EB-F251955E7E26}.Debug|Any CPU.Build.0 = Debug|Any CPU
		{56635A2A-880C-4FC9-97EB-F251955E7E26}.Release|Any CPU.ActiveCfg = Release|Any CPU
		{56635A2A-880C-4FC9-97EB-F251955E7E26}.Release|Any CPU.Build.0 = Release|Any CPU
		{5BF46DEE-1D6D-4A76-9393-3EB1F9483415}.Debug|Any CPU.ActiveCfg = Debug|Any CPU
		{5BF46DEE-1D6D-4A76-9393-3EB1F9483415}.Debug|Any CPU.Build.0 = Debug|Any CPU
		{5BF46DEE-1D6D-4A76-9393-3EB1F9483415}.Release|Any CPU.ActiveCfg = Release|Any CPU
		{5BF46DEE-1D6D-4A76-9393-3EB1F9483415}.Release|Any CPU.Build.0 = Release|Any CPU
	EndGlobalSection
	GlobalSection(SolutionProperties) = preSolution
		HideSolutionNode = FALSE
	EndGlobalSection
	GlobalSection(ExtensibilityGlobals) = postSolution
		SolutionGuid = {CCE3D860-07EB-41FC-A8B9-85E213DB06A8}
	EndGlobalSection
EndGlobal
